
Microsoft Visual Studio Solution File, Format Version 12.00
# Visual Studio Version 16
VisualStudioVersion = 16.0.32126.315
MinimumVisualStudioVersion = 10.0.40219.1
Project("{9A19103F-16F7-4668-BE54-9A1E7A4F7556}") = "AODevBlog.Web", "AODevBlog.Web\AODevBlog.Web.csproj", "{8B4D9448-F47C-4A05-8C49-0FEC9D225C10}"
EndProject
Project("{9A19103F-16F7-4668-BE54-9A1E7A4F7556}") = "AODevBlog.Models", "AODevBlog.Models\AODevBlog.Models.csproj", "{8DA715CC-9319-4FB9-B656-40067B7597D3}"
EndProject
Project("{9A19103F-16F7-4668-BE54-9A1E7A4F7556}") = "AODevBlog.Repository", "AODevBlog.Repository\AODevBlog.Repository.csproj", "{97544856-B73C-4940-8044-32850A5653C5}"
EndProject
Project("{FAE04EC0-301F-11D3-BF4B-00C04F79EFBC}") = "AODevBlog.Identity", "AODevBlog.Identity\AODevBlog.Identity.csproj", "{4D8F5629-6948-4D7D-88C5-98A9715C6554}"
EndProject
Global
	GlobalSection(SolutionConfigurationPlatforms) = preSolution
		Debug|Any CPU = Debug|Any CPU
		Release|Any CPU = Release|Any CPU
	EndGlobalSection
	GlobalSection(ProjectConfigurationPlatforms) = postSolution
		{8B4D9448-F47C-4A05-8C49-0FEC9D225C10}.Debug|Any CPU.ActiveCfg = Debug|Any CPU
		{8B4D9448-F47C-4A05-8C49-0FEC9D225C10}.Debug|Any CPU.Build.0 = Debug|Any CPU
		{8B4D9448-F47C-4A05-8C49-0FEC9D225C10}.Release|Any CPU.ActiveCfg = Release|Any CPU
		{8B4D9448-F47C-4A05-8C49-0FEC9D225C10}.Release|Any CPU.Build.0 = Release|Any CPU
		{8DA715CC-9319-4FB9-B656-40067B7597D3}.Debug|Any CPU.ActiveCfg = Debug|Any CPU
		{8DA715CC-9319-4FB9-B656-40067B7597D3}.Debug|Any CPU.Build.0 = Debug|Any CPU
		{8DA715CC-9319-4FB9-B656-40067B7597D3}.Release|Any CPU.ActiveCfg = Release|Any CPU
		{8DA715CC-9319-4FB9-B656-40067B7597D3}.Release|Any CPU.Build.0 = Release|Any CPU
		{97544856-B73C-4940-8044-32850A5653C5}.Debug|Any CPU.ActiveCfg = Debug|Any CPU
		{97544856-B73C-4940-8044-32850A5653C5}.Debug|Any CPU.Build.0 = Debug|Any CPU
		{97544856-B73C-4940-8044-32850A5653C5}.Release|Any CPU.ActiveCfg = Release|Any CPU
		{97544856-B73C-4940-8044-32850A5653C5}.Release|Any CPU.Build.0 = Release|Any CPU
		{4D8F5629-6948-4D7D-88C5-98A9715C6554}.Debug|Any CPU.ActiveCfg = Debug|Any CPU
		{4D8F5629-6948-4D7D-88C5-98A9715C6554}.Debug|Any CPU.Build.0 = Debug|Any CPU
		{4D8F5629-6948-4D7D-88C5-98A9715C6554}.Release|Any CPU.ActiveCfg = Release|Any CPU
		{4D8F5629-6948-4D7D-88C5-98A9715C6554}.Release|Any CPU.Build.0 = Release|Any CPU
	EndGlobalSection
	GlobalSection(SolutionProperties) = preSolution
		HideSolutionNode = FALSE
	EndGlobalSection
	GlobalSection(ExtensibilityGlobals) = postSolution
		SolutionGuid = {E8026928-74C6-48BE-9C3A-B611CE181734}
	EndGlobalSection
EndGlobal
